
Microsoft Visual Studio Solution File, Format Version 12.00
# Visual Studio Version 17
VisualStudioVersion = 17.0.31903.59
MinimumVisualStudioVersion = 10.0.40219.1
Project("{FAE04EC0-301F-11D3-BF4B-00C04F79EFBC}") = "PremierLeagueApi.Api", "PremierLeagueApi.Api\PremierLeagueApi.Api.csproj", "{A91ABD97-A711-4A8F-B72C-746B49BC3E1E}"
EndProject
Project("{FAE04EC0-301F-11D3-BF4B-00C04F79EFBC}") = "PremierLeagueApi.Data", "PremierLeagueApi.Data\PremierLeagueApi.Data.csproj", "{2F53DEF7-4B4D-4D3C-AB58-2ACB36DDAC22}"
EndProject
Project("{FAE04EC0-301F-11D3-BF4B-00C04F79EFBC}") = "PremierLeagueApi.Models", "PremierLeagueApi.Models\PremierLeagueApi.Models.csproj", "{BE15BEC9-AEE7-4F80-B79F-69D2B63A8171}"
EndProject
Project("{FAE04EC0-301F-11D3-BF4B-00C04F79EFBC}") = "PremierLeagueApi.Services", "PremierLeagueApi.Services\PremierLeagueApi.Services.csproj", "{8E8940DD-0BE0-4B13-81FA-B86B8DD7F1FE}"
EndProject
Global
	GlobalSection(SolutionConfigurationPlatforms) = preSolution
		Debug|Any CPU = Debug|Any CPU
		Release|Any CPU = Release|Any CPU
	EndGlobalSection
	GlobalSection(SolutionProperties) = preSolution
		HideSolutionNode = FALSE
	EndGlobalSection
	GlobalSection(ProjectConfigurationPlatforms) = postSolution
		{A91ABD97-A711-4A8F-B72C-746B49BC3E1E}.Debug|Any CPU.ActiveCfg = Debug|Any CPU
		{A91ABD97-A711-4A8F-B72C-746B49BC3E1E}.Debug|Any CPU.Build.0 = Debug|Any CPU
		{A91ABD97-A711-4A8F-B72C-746B49BC3E1E}.Release|Any CPU.ActiveCfg = Release|Any CPU
		{A91ABD97-A711-4A8F-B72C-746B49BC3E1E}.Release|Any CPU.Build.0 = Release|Any CPU
		{2F53DEF7-4B4D-4D3C-AB58-2ACB36DDAC22}.Debug|Any CPU.ActiveCfg = Debug|Any CPU
		{2F53DEF7-4B4D-4D3C-AB58-2ACB36DDAC22}.Debug|Any CPU.Build.0 = Debug|Any CPU
		{2F53DEF7-4B4D-4D3C-AB58-2ACB36DDAC22}.Release|Any CPU.ActiveCfg = Release|Any CPU
		{2F53DEF7-4B4D-4D3C-AB58-2ACB36DDAC22}.Release|Any CPU.Build.0 = Release|Any CPU
		{BE15BEC9-AEE7-4F80-B79F-69D2B63A8171}.Debug|Any CPU.ActiveCfg = Debug|Any CPU
		{BE15BEC9-AEE7-4F80-B79F-69D2B63A8171}.Debug|Any CPU.Build.0 = Debug|Any CPU
		{BE15BEC9-AEE7-4F80-B79F-69D2B63A8171}.Release|Any CPU.ActiveCfg = Release|Any CPU
		{BE15BEC9-AEE7-4F80-B79F-69D2B63A8171}.Release|Any CPU.Build.0 = Release|Any CPU
		{8E8940DD-0BE0-4B13-81FA-B86B8DD7F1FE}.Debug|Any CPU.ActiveCfg = Debug|Any CPU
		{8E8940DD-0BE0-4B13-81FA-B86B8DD7F1FE}.Debug|Any CPU.Build.0 = Debug|Any CPU
		{8E8940DD-0BE0-4B13-81FA-B86B8DD7F1FE}.Release|Any CPU.ActiveCfg = Release|Any CPU
		{8E8940DD-0BE0-4B13-81FA-B86B8DD7F1FE}.Release|Any CPU.Build.0 = Release|Any CPU
	EndGlobalSection
EndGlobal
